
Microsoft Visual Studio Solution File, Format Version 12.00
# Visual Studio Version 16
VisualStudioVersion = 16.0.33423.256
MinimumVisualStudioVersion = 10.0.40219.1
Project("{FAE04EC0-301F-11D3-BF4B-00C04F79EFBC}") = "WinFileHistory", "WinFileHistory\WinFileHistory.csproj", "{9639BD4A-2A0B-4384-A1C9-5E9A2003250F}"
EndProject
Global
	GlobalSection(SolutionConfigurationPlatforms) = preSolution
		Debug|Any CPU = Debug|Any CPU
		Release|Any CPU = Release|Any CPU
	EndGlobalSection
	GlobalSection(ProjectConfigurationPlatforms) = postSolution
		{9639BD4A-2A0B-4384-A1C9-5E9A2003250F}.Debug|Any CPU.ActiveCfg = Debug|Any CPU
		{9639BD4A-2A0B-4384-A1C9-5E9A2003250F}.Debug|Any CPU.Build.0 = Debug|Any CPU
		{9639BD4A-2A0B-4384-A1C9-5E9A2003250F}.Release|Any CPU.ActiveCfg = Release|Any CPU
		{9639BD4A-2A0B-4384-A1C9-5E9A2003250F}.Release|Any CPU.Build.0 = Release|Any CPU
	EndGlobalSection
	GlobalSection(SolutionProperties) = preSolution
		HideSolutionNode = FALSE
	EndGlobalSection
	GlobalSection(ExtensibilityGlobals) = postSolution
		SolutionGuid = {885CFFCE-E051-4B57-A636-10D1A302C205}
	EndGlobalSection
EndGlobal
